
Microsoft Visual Studio Solution File, Format Version 12.00
# Visual Studio 15
VisualStudioVersion = 15.0.27130.2026
MinimumVisualStudioVersion = 10.0.40219.1
Project("{9A19103F-16F7-4668-BE54-9A1E7A4F7556}") = "Core", "Core\Core.csproj", "{211D84B7-E3BA-4FD6-9885-BAE2A7FB6D04}"
EndProject
Project("{9A19103F-16F7-4668-BE54-9A1E7A4F7556}") = "Application", "Application\Application.csproj", "{8FB58B46-4358-48C0-A65D-698DCE460BC6}"
EndProject
Project("{2150E333-8FDC-42A3-9474-1A3956D46DE8}") = "Architecture", "Architecture", "{2159F71A-7537-4373-9688-DE477EA4D277}"
EndProject
Project("{9A19103F-16F7-4668-BE54-9A1E7A4F7556}") = "Domain", "Domain\Domain.csproj", "{FA6C8EE1-FB74-44DC-B841-0BABFEA6C7A1}"
EndProject
Project("{9A19103F-16F7-4668-BE54-9A1E7A4F7556}") = "Infrastructure", "Infrastructure\Infrastructure.csproj", "{876D895F-869C-49EE-AF20-9EBB2E0A26CC}"
EndProject
Project("{9A19103F-16F7-4668-BE54-9A1E7A4F7556}") = "Infrastructure.EntityFramework", "Infrastructure.EntityFramework\Infrastructure.EntityFramework.csproj", "{76D07B37-3B32-4545-8C70-D012FFB05AA7}"
EndProject
Project("{9A19103F-16F7-4668-BE54-9A1E7A4F7556}") = "Nodes", "Nodes\Nodes.csproj", "{089B5D0D-B58F-4857-BA7C-3B39F3675EEA}"
EndProject
Project("{9A19103F-16F7-4668-BE54-9A1E7A4F7556}") = "Rest", "Rest\Rest.csproj", "{7250B0EC-D301-4510-9B24-460E25F760D9}"
EndProject
Project("{FAE04EC0-301F-11D3-BF4B-00C04F79EFBC}") = "WindowsServices", "WindowsServices\WindowsServices.csproj", "{C03B019E-2021-4D97-9D7D-E43429EC3779}"
EndProject
Project("{9A19103F-16F7-4668-BE54-9A1E7A4F7556}") = "Config", "Config\Config.csproj", "{4A968E40-2BC3-4627-A561-85AE0E5AA108}"
EndProject
Project("{9A19103F-16F7-4668-BE54-9A1E7A4F7556}") = "Lucene", "Lucene\Lucene.csproj", "{03CBCF33-7908-44C7-9A9A-772363E6EE3F}"
EndProject
Global
	GlobalSection(SolutionConfigurationPlatforms) = preSolution
		Debug|Any CPU = Debug|Any CPU
		Release|Any CPU = Release|Any CPU
	EndGlobalSection
	GlobalSection(ProjectConfigurationPlatforms) = postSolution
		{211D84B7-E3BA-4FD6-9885-BAE2A7FB6D04}.Debug|Any CPU.ActiveCfg = Debug|Any CPU
		{211D84B7-E3BA-4FD6-9885-BAE2A7FB6D04}.Debug|Any CPU.Build.0 = Debug|Any CPU
		{211D84B7-E3BA-4FD6-9885-BAE2A7FB6D04}.Release|Any CPU.ActiveCfg = Release|Any CPU
		{211D84B7-E3BA-4FD6-9885-BAE2A7FB6D04}.Release|Any CPU.Build.0 = Release|Any CPU
		{8FB58B46-4358-48C0-A65D-698DCE460BC6}.Debug|Any CPU.ActiveCfg = Debug|Any CPU
		{8FB58B46-4358-48C0-A65D-698DCE460BC6}.Debug|Any CPU.Build.0 = Debug|Any CPU
		{8FB58B46-4358-48C0-A65D-698DCE460BC6}.Release|Any CPU.ActiveCfg = Release|Any CPU
		{8FB58B46-4358-48C0-A65D-698DCE460BC6}.Release|Any CPU.Build.0 = Release|Any CPU
		{FA6C8EE1-FB74-44DC-B841-0BABFEA6C7A1}.Debug|Any CPU.ActiveCfg = Debug|Any CPU
		{FA6C8EE1-FB74-44DC-B841-0BABFEA6C7A1}.Debug|Any CPU.Build.0 = Debug|Any CPU
		{FA6C8EE1-FB74-44DC-B841-0BABFEA6C7A1}.Release|Any CPU.ActiveCfg = Release|Any CPU
		{FA6C8EE1-FB74-44DC-B841-0BABFEA6C7A1}.Release|Any CPU.Build.0 = Release|Any CPU
		{876D895F-869C-49EE-AF20-9EBB2E0A26CC}.Debug|Any CPU.ActiveCfg = Debug|Any CPU
		{876D895F-869C-49EE-AF20-9EBB2E0A26CC}.Debug|Any CPU.Build.0 = Debug|Any CPU
		{876D895F-869C-49EE-AF20-9EBB2E0A26CC}.Release|Any CPU.ActiveCfg = Release|Any CPU
		{876D895F-869C-49EE-AF20-9EBB2E0A26CC}.Release|Any CPU.Build.0 = Release|Any CPU
		{76D07B37-3B32-4545-8C70-D012FFB05AA7}.Debug|Any CPU.ActiveCfg = Debug|Any CPU
		{76D07B37-3B32-4545-8C70-D012FFB05AA7}.Debug|Any CPU.Build.0 = Debug|Any CPU
		{76D07B37-3B32-4545-8C70-D012FFB05AA7}.Release|Any CPU.ActiveCfg = Release|Any CPU
		{76D07B37-3B32-4545-8C70-D012FFB05AA7}.Release|Any CPU.Build.0 = Release|Any CPU
		{089B5D0D-B58F-4857-BA7C-3B39F3675EEA}.Debug|Any CPU.ActiveCfg = Debug|Any CPU
		{089B5D0D-B58F-4857-BA7C-3B39F3675EEA}.Debug|Any CPU.Build.0 = Debug|Any CPU
		{089B5D0D-B58F-4857-BA7C-3B39F3675EEA}.Release|Any CPU.ActiveCfg = Release|Any CPU
		{089B5D0D-B58F-4857-BA7C-3B39F3675EEA}.Release|Any CPU.Build.0 = Release|Any CPU
		{7250B0EC-D301-4510-9B24-460E25F760D9}.Debug|Any CPU.ActiveCfg = Debug|Any CPU
		{7250B0EC-D301-4510-9B24-460E25F760D9}.Debug|Any CPU.Build.0 = Debug|Any CPU
		{7250B0EC-D301-4510-9B24-460E25F760D9}.Release|Any CPU.ActiveCfg = Release|Any CPU
		{7250B0EC-D301-4510-9B24-460E25F760D9}.Release|Any CPU.Build.0 = Release|Any CPU
		{C03B019E-2021-4D97-9D7D-E43429EC3779}.Debug|Any CPU.ActiveCfg = Debug|Any CPU
		{C03B019E-2021-4D97-9D7D-E43429EC3779}.Debug|Any CPU.Build.0 = Debug|Any CPU
		{C03B019E-2021-4D97-9D7D-E43429EC3779}.Release|Any CPU.ActiveCfg = Release|Any CPU
		{C03B019E-2021-4D97-9D7D-E43429EC3779}.Release|Any CPU.Build.0 = Release|Any CPU
		{4A968E40-2BC3-4627-A561-85AE0E5AA108}.Debug|Any CPU.ActiveCfg = Debug|Any CPU
		{4A968E40-2BC3-4627-A561-85AE0E5AA108}.Debug|Any CPU.Build.0 = Debug|Any CPU
		{4A968E40-2BC3-4627-A561-85AE0E5AA108}.Release|Any CPU.ActiveCfg = Release|Any CPU
		{4A968E40-2BC3-4627-A561-85AE0E5AA108}.Release|Any CPU.Build.0 = Release|Any CPU
		{03CBCF33-7908-44C7-9A9A-772363E6EE3F}.Debug|Any CPU.ActiveCfg = Debug|Any CPU
		{03CBCF33-7908-44C7-9A9A-772363E6EE3F}.Debug|Any CPU.Build.0 = Debug|Any CPU
		{03CBCF33-7908-44C7-9A9A-772363E6EE3F}.Release|Any CPU.ActiveCfg = Release|Any CPU
		{03CBCF33-7908-44C7-9A9A-772363E6EE3F}.Release|Any CPU.Build.0 = Release|Any CPU
	EndGlobalSection
	GlobalSection(SolutionProperties) = preSolution
		HideSolutionNode = FALSE
	EndGlobalSection
	GlobalSection(NestedProjects) = preSolution
		{8FB58B46-4358-48C0-A65D-698DCE460BC6} = {2159F71A-7537-4373-9688-DE477EA4D277}
		{FA6C8EE1-FB74-44DC-B841-0BABFEA6C7A1} = {2159F71A-7537-4373-9688-DE477EA4D277}
		{876D895F-869C-49EE-AF20-9EBB2E0A26CC} = {2159F71A-7537-4373-9688-DE477EA4D277}
		{76D07B37-3B32-4545-8C70-D012FFB05AA7} = {2159F71A-7537-4373-9688-DE477EA4D277}
	EndGlobalSection
	GlobalSection(ExtensibilityGlobals) = postSolution
		SolutionGuid = {F7A725AB-F491-4780-8B7D-5C2BB52DB732}
	EndGlobalSection
EndGlobal
