
Microsoft Visual Studio Solution File, Format Version 12.00
# Visual Studio Version 16
VisualStudioVersion = 16.0.28803.156
MinimumVisualStudioVersion = 10.0.40219.1
Project("{2150E333-8FDC-42A3-9474-1A3956D46DE8}") = "Core", "Core", "{7E812D26-3EE7-44A5-A2AF-43E0D378857F}"
EndProject
Project("{9A19103F-16F7-4668-BE54-9A1E7A4F7556}") = "Core", "Core\Core\Core.csproj", "{211D84B7-E3BA-4FD6-9885-BAE2A7FB6D04}"
EndProject
Project("{FAE04EC0-301F-11D3-BF4B-00C04F79EFBC}") = "Core.Lambda", "Core\Core.Lambda\Core.Lambda.csproj", "{319F02DB-9C7F-4EB2-8FE9-9648D2326D24}"
EndProject
Project("{9A19103F-16F7-4668-BE54-9A1E7A4F7556}") = "Core.Tests", "Core\Core.Tests\Core.Tests.csproj", "{1D01B385-8FA9-421F-A0FD-1DF3D25A6EA6}"
EndProject
Project("{9A19103F-16F7-4668-BE54-9A1E7A4F7556}") = "Services", "Core\Services\Services.csproj", "{8F9C4DAE-EB11-4879-AF7B-5EA0CA4959A2}"
EndProject
Project("{FAE04EC0-301F-11D3-BF4B-00C04F79EFBC}") = "Common", "Core\Common\Common.csproj", "{27B01C30-05E8-4151-91F3-23AABE75BB43}"
EndProject

Project("{2150E333-8FDC-42A3-9474-1A3956D46DE8}") = "Testing", "Testing", "{EA9C4136-9FD3-478A-A6EB-B99CDF313E0E}"
EndProject
Project("{FAE04EC0-301F-11D3-BF4B-00C04F79EFBC}") = "WebServices.Testing.Core", "Testing\WebServices.Testing.Core\WebServices.Testing.Core.csproj", "{58A50143-92B3-4D3E-8870-DF34CE7527FA}"
EndProject

Project("{2150E333-8FDC-42A3-9474-1A3956D46DE8}") = "WebServices", "WebServices", "{29E073BE-59F5-4110-B586-E55BF4FDE55F}"
EndProject
Project("{FAE04EC0-301F-11D3-BF4B-00C04F79EFBC}") = "WebServices.Adapters", "WebServices\WebServices.Adapters\WebServices.Adapters.csproj", "{4D679FFD-7FD4-460F-95F6-76D0692FBF3A}"
EndProject
Project("{FAE04EC0-301F-11D3-BF4B-00C04F79EFBC}") = "WebServices.AspCore", "WebServices\WebServices.AspCore\WebServices.AspCore.csproj", "{FD6023E5-44BE-498B-B3FA-7027F121D6FE}"
EndProject
Project("{FAE04EC0-301F-11D3-BF4B-00C04F79EFBC}") = "WebServices.EntityFramework", "WebServices\WebServices.EntityFramework\WebServices.EntityFramework.csproj", "{7B748517-E77C-4F9D-8E0F-D0414593BA05}"
EndProject
Project("{FAE04EC0-301F-11D3-BF4B-00C04F79EFBC}") = "WebServices.Core", "WebServices\WebServices.Core\WebServices.Core.csproj", "{071A70CE-E0B6-48C4-B8CA-F3B0147ECFF3}"
EndProject
Project("{FAE04EC0-301F-11D3-BF4B-00C04F79EFBC}") = "WebServices.Authentication", "WebServices\WebServices.Authentication\WebServices.Authentication.csproj", "{7ECC220F-1B84-4393-92F1-623604A99D0D}"
EndProject
Project("{FAE04EC0-301F-11D3-BF4B-00C04F79EFBC}") = "WebServices.EntityFramework.NpgSql", "WebServices\WebServices.EntityFramework.NpgSql\WebServices.EntityFramework.NpgSql.csproj", "{71F3CADF-AE38-43FB-B65E-41D50474F916}"
EndProject
Project("{FAE04EC0-301F-11D3-BF4B-00C04F79EFBC}") = "WebServices.Testing.AspCore", "Testing\WebServices.Testing.AspCore\WebServices.Testing.AspCore.csproj", "{0815A662-9844-4805-8D33-D2F7AF9FF4D7}"
EndProject
Project("{FAE04EC0-301F-11D3-BF4B-00C04F79EFBC}") = "WebServices.Testing.EntityFramework", "Testing\WebServices.Testing.EntityFramework\WebServices.Testing.EntityFramework.csproj", "{4355AC52-B26C-45C6-899F-5FC847BB60AB}"
EndProject
Global
	GlobalSection(SolutionConfigurationPlatforms) = preSolution
		Debug|Any CPU = Debug|Any CPU
		Release|Any CPU = Release|Any CPU
	EndGlobalSection
	GlobalSection(ProjectConfigurationPlatforms) = postSolution
		{211D84B7-E3BA-4FD6-9885-BAE2A7FB6D04}.Debug|Any CPU.ActiveCfg = Debug|Any CPU
		{211D84B7-E3BA-4FD6-9885-BAE2A7FB6D04}.Debug|Any CPU.Build.0 = Debug|Any CPU
		{211D84B7-E3BA-4FD6-9885-BAE2A7FB6D04}.Release|Any CPU.ActiveCfg = Release|Any CPU
		{211D84B7-E3BA-4FD6-9885-BAE2A7FB6D04}.Release|Any CPU.Build.0 = Release|Any CPU
		{8F9C4DAE-EB11-4879-AF7B-5EA0CA4959A2}.Debug|Any CPU.ActiveCfg = Debug|Any CPU
		{8F9C4DAE-EB11-4879-AF7B-5EA0CA4959A2}.Debug|Any CPU.Build.0 = Debug|Any CPU
		{8F9C4DAE-EB11-4879-AF7B-5EA0CA4959A2}.Release|Any CPU.ActiveCfg = Release|Any CPU
		{8F9C4DAE-EB11-4879-AF7B-5EA0CA4959A2}.Release|Any CPU.Build.0 = Release|Any CPU
		{1D01B385-8FA9-421F-A0FD-1DF3D25A6EA6}.Debug|Any CPU.ActiveCfg = Debug|Any CPU
		{1D01B385-8FA9-421F-A0FD-1DF3D25A6EA6}.Debug|Any CPU.Build.0 = Debug|Any CPU
		{1D01B385-8FA9-421F-A0FD-1DF3D25A6EA6}.Release|Any CPU.ActiveCfg = Release|Any CPU
		{1D01B385-8FA9-421F-A0FD-1DF3D25A6EA6}.Release|Any CPU.Build.0 = Release|Any CPU
		{4D679FFD-7FD4-460F-95F6-76D0692FBF3A}.Debug|Any CPU.ActiveCfg = Debug|Any CPU
		{4D679FFD-7FD4-460F-95F6-76D0692FBF3A}.Debug|Any CPU.Build.0 = Debug|Any CPU
		{4D679FFD-7FD4-460F-95F6-76D0692FBF3A}.Release|Any CPU.ActiveCfg = Release|Any CPU
		{4D679FFD-7FD4-460F-95F6-76D0692FBF3A}.Release|Any CPU.Build.0 = Release|Any CPU
		{FD6023E5-44BE-498B-B3FA-7027F121D6FE}.Debug|Any CPU.ActiveCfg = Debug|Any CPU
		{FD6023E5-44BE-498B-B3FA-7027F121D6FE}.Debug|Any CPU.Build.0 = Debug|Any CPU
		{FD6023E5-44BE-498B-B3FA-7027F121D6FE}.Release|Any CPU.ActiveCfg = Release|Any CPU
		{FD6023E5-44BE-498B-B3FA-7027F121D6FE}.Release|Any CPU.Build.0 = Release|Any CPU
		{7B748517-E77C-4F9D-8E0F-D0414593BA05}.Debug|Any CPU.ActiveCfg = Debug|Any CPU
		{7B748517-E77C-4F9D-8E0F-D0414593BA05}.Debug|Any CPU.Build.0 = Debug|Any CPU
		{7B748517-E77C-4F9D-8E0F-D0414593BA05}.Release|Any CPU.ActiveCfg = Release|Any CPU
		{7B748517-E77C-4F9D-8E0F-D0414593BA05}.Release|Any CPU.Build.0 = Release|Any CPU
		{071A70CE-E0B6-48C4-B8CA-F3B0147ECFF3}.Debug|Any CPU.ActiveCfg = Debug|Any CPU
		{071A70CE-E0B6-48C4-B8CA-F3B0147ECFF3}.Debug|Any CPU.Build.0 = Debug|Any CPU
		{071A70CE-E0B6-48C4-B8CA-F3B0147ECFF3}.Release|Any CPU.ActiveCfg = Release|Any CPU
		{071A70CE-E0B6-48C4-B8CA-F3B0147ECFF3}.Release|Any CPU.Build.0 = Release|Any CPU
		{7ECC220F-1B84-4393-92F1-623604A99D0D}.Debug|Any CPU.ActiveCfg = Debug|Any CPU
		{7ECC220F-1B84-4393-92F1-623604A99D0D}.Debug|Any CPU.Build.0 = Debug|Any CPU
		{7ECC220F-1B84-4393-92F1-623604A99D0D}.Release|Any CPU.ActiveCfg = Release|Any CPU
		{7ECC220F-1B84-4393-92F1-623604A99D0D}.Release|Any CPU.Build.0 = Release|Any CPU
		{71F3CADF-AE38-43FB-B65E-41D50474F916}.Debug|Any CPU.ActiveCfg = Debug|Any CPU
		{71F3CADF-AE38-43FB-B65E-41D50474F916}.Debug|Any CPU.Build.0 = Debug|Any CPU
		{71F3CADF-AE38-43FB-B65E-41D50474F916}.Release|Any CPU.ActiveCfg = Release|Any CPU
		{71F3CADF-AE38-43FB-B65E-41D50474F916}.Release|Any CPU.Build.0 = Release|Any CPU
		{27B01C30-05E8-4151-91F3-23AABE75BB43}.Debug|Any CPU.ActiveCfg = Debug|Any CPU
		{27B01C30-05E8-4151-91F3-23AABE75BB43}.Debug|Any CPU.Build.0 = Debug|Any CPU
		{27B01C30-05E8-4151-91F3-23AABE75BB43}.Release|Any CPU.ActiveCfg = Release|Any CPU
		{27B01C30-05E8-4151-91F3-23AABE75BB43}.Release|Any CPU.Build.0 = Release|Any CPU
		{319F02DB-9C7F-4EB2-8FE9-9648D2326D24}.Debug|Any CPU.ActiveCfg = Debug|Any CPU
		{319F02DB-9C7F-4EB2-8FE9-9648D2326D24}.Debug|Any CPU.Build.0 = Debug|Any CPU
		{319F02DB-9C7F-4EB2-8FE9-9648D2326D24}.Release|Any CPU.ActiveCfg = Release|Any CPU
		{319F02DB-9C7F-4EB2-8FE9-9648D2326D24}.Release|Any CPU.Build.0 = Release|Any CPU
		{58A50143-92B3-4D3E-8870-DF34CE7527FA}.Debug|Any CPU.ActiveCfg = Debug|Any CPU
		{58A50143-92B3-4D3E-8870-DF34CE7527FA}.Debug|Any CPU.Build.0 = Debug|Any CPU
		{58A50143-92B3-4D3E-8870-DF34CE7527FA}.Release|Any CPU.ActiveCfg = Release|Any CPU
		{58A50143-92B3-4D3E-8870-DF34CE7527FA}.Release|Any CPU.Build.0 = Release|Any CPU
		{0815A662-9844-4805-8D33-D2F7AF9FF4D7}.Debug|Any CPU.ActiveCfg = Debug|Any CPU
		{0815A662-9844-4805-8D33-D2F7AF9FF4D7}.Debug|Any CPU.Build.0 = Debug|Any CPU
		{0815A662-9844-4805-8D33-D2F7AF9FF4D7}.Release|Any CPU.ActiveCfg = Release|Any CPU
		{0815A662-9844-4805-8D33-D2F7AF9FF4D7}.Release|Any CPU.Build.0 = Release|Any CPU
		{4355AC52-B26C-45C6-899F-5FC847BB60AB}.Debug|Any CPU.ActiveCfg = Debug|Any CPU
		{4355AC52-B26C-45C6-899F-5FC847BB60AB}.Debug|Any CPU.Build.0 = Debug|Any CPU
		{4355AC52-B26C-45C6-899F-5FC847BB60AB}.Release|Any CPU.ActiveCfg = Release|Any CPU
		{4355AC52-B26C-45C6-899F-5FC847BB60AB}.Release|Any CPU.Build.0 = Release|Any CPU
	EndGlobalSection
	GlobalSection(SolutionProperties) = preSolution
		HideSolutionNode = FALSE
	EndGlobalSection
	GlobalSection(NestedProjects) = preSolution
		{211D84B7-E3BA-4FD6-9885-BAE2A7FB6D04} = {7E812D26-3EE7-44A5-A2AF-43E0D378857F}
		{8F9C4DAE-EB11-4879-AF7B-5EA0CA4959A2} = {7E812D26-3EE7-44A5-A2AF-43E0D378857F}
		{4D679FFD-7FD4-460F-95F6-76D0692FBF3A} = {29E073BE-59F5-4110-B586-E55BF4FDE55F}
		{FD6023E5-44BE-498B-B3FA-7027F121D6FE} = {29E073BE-59F5-4110-B586-E55BF4FDE55F}
		{7B748517-E77C-4F9D-8E0F-D0414593BA05} = {29E073BE-59F5-4110-B586-E55BF4FDE55F}
		{071A70CE-E0B6-48C4-B8CA-F3B0147ECFF3} = {29E073BE-59F5-4110-B586-E55BF4FDE55F}
		{7ECC220F-1B84-4393-92F1-623604A99D0D} = {29E073BE-59F5-4110-B586-E55BF4FDE55F}
		{71F3CADF-AE38-43FB-B65E-41D50474F916} = {29E073BE-59F5-4110-B586-E55BF4FDE55F}
		{27B01C30-05E8-4151-91F3-23AABE75BB43} = {7E812D26-3EE7-44A5-A2AF-43E0D378857F}
		{319F02DB-9C7F-4EB2-8FE9-9648D2326D24} = {7E812D26-3EE7-44A5-A2AF-43E0D378857F}
		{58A50143-92B3-4D3E-8870-DF34CE7527FA} = {EA9C4136-9FD3-478A-A6EB-B99CDF313E0E}
		{1D01B385-8FA9-421F-A0FD-1DF3D25A6EA6} = {7E812D26-3EE7-44A5-A2AF-43E0D378857F}
		{0815A662-9844-4805-8D33-D2F7AF9FF4D7} = {EA9C4136-9FD3-478A-A6EB-B99CDF313E0E}
		{4355AC52-B26C-45C6-899F-5FC847BB60AB} = {EA9C4136-9FD3-478A-A6EB-B99CDF313E0E}
	EndGlobalSection
	GlobalSection(ExtensibilityGlobals) = postSolution
		SolutionGuid = {F7A725AB-F491-4780-8B7D-5C2BB52DB732}
	EndGlobalSection
EndGlobal
